// !$*UTF8*$!
{
	archiveVersion = 1;
	classes = {
	};
	objectVersion = 56;
	objects = {

/* Begin PBXBuildFile section */
		ED0E03102A945CAC002817C9 /* TextViewController.swift in Sources */ = {isa = PBXBuildFile; fileRef = ED0E030F2A945CAC002817C9 /* TextViewController.swift */; };
		ED0E03122A947924002817C9 /* LocationViewController.swift in Sources */ = {isa = PBXBuildFile; fileRef = ED0E03112A947924002817C9 /* LocationViewController.swift */; };
		ED4BD0552A9309FF009C81EC /* AppDelegate.swift in Sources */ = {isa = PBXBuildFile; fileRef = ED4BD0542A9309FF009C81EC /* AppDelegate.swift */; };
		ED4BD0572A9309FF009C81EC /* SceneDelegate.swift in Sources */ = {isa = PBXBuildFile; fileRef = ED4BD0562A9309FF009C81EC /* SceneDelegate.swift */; };
		ED4BD0592A9309FF009C81EC /* ViewController.swift in Sources */ = {isa = PBXBuildFile; fileRef = ED4BD0582A9309FF009C81EC /* ViewController.swift */; };
		ED4BD05C2A9309FF009C81EC /* Main.storyboard in Resources */ = {isa = PBXBuildFile; fileRef = ED4BD05A2A9309FF009C81EC /* Main.storyboard */; };
		ED4BD05E2A930A00009C81EC /* Assets.xcassets in Resources */ = {isa = PBXBuildFile; fileRef = ED4BD05D2A930A00009C81EC /* Assets.xcassets */; };
		ED4BD0612A930A00009C81EC /* LaunchScreen.storyboard in Resources */ = {isa = PBXBuildFile; fileRef = ED4BD05F2A930A00009C81EC /* LaunchScreen.storyboard */; };
		EDCCD8442A944618006EDC06 /* SnapKit in Frameworks */ = {isa = PBXBuildFile; productRef = EDCCD8432A944618006EDC06 /* SnapKit */; };
		EDCCD8462A94463F006EDC06 /* SnapViewController.swift in Sources */ = {isa = PBXBuildFile; fileRef = EDCCD8452A94463F006EDC06 /* SnapViewController.swift */; };
		EDE5182C2A94991200C16C9E /* Example1ViewController.swift in Sources */ = {isa = PBXBuildFile; fileRef = EDE5182B2A94991200C16C9E /* Example1ViewController.swift */; };
		EDE5182E2A949A3400C16C9E /* Example1TextFiled.swift in Sources */ = {isa = PBXBuildFile; fileRef = EDE5182D2A949A3400C16C9E /* Example1TextFiled.swift */; };
		EDE518322A94A90100C16C9E /* Example2ViewController.swift in Sources */ = {isa = PBXBuildFile; fileRef = EDE518312A94A90100C16C9E /* Example2ViewController.swift */; };
		EDE518342A94AAC600C16C9E /* Exampl2Images.swift in Sources */ = {isa = PBXBuildFile; fileRef = EDE518332A94AAC600C16C9E /* Exampl2Images.swift */; };
		EDE518362A94AD0600C16C9E /* ProfileButtonConfiguration.swift in Sources */ = {isa = PBXBuildFile; fileRef = EDE518352A94AD0600C16C9E /* ProfileButtonConfiguration.swift */; };
/* End PBXBuildFile section */

/* Begin PBXFileReference section */
		ED0E030F2A945CAC002817C9 /* TextViewController.swift */ = {isa = PBXFileReference; lastKnownFileType = sourcecode.swift; path = TextViewController.swift; sourceTree = "<group>"; };
		ED0E03112A947924002817C9 /* LocationViewController.swift */ = {isa = PBXFileReference; lastKnownFileType = sourcecode.swift; path = LocationViewController.swift; sourceTree = "<group>"; };
		ED4BD0512A9309FF009C81EC /* SeSAC3Week6.app */ = {isa = PBXFileReference; explicitFileType = wrapper.application; includeInIndex = 0; path = SeSAC3Week6.app; sourceTree = BUILT_PRODUCTS_DIR; };
		ED4BD0542A9309FF009C81EC /* AppDelegate.swift */ = {isa = PBXFileReference; lastKnownFileType = sourcecode.swift; path = AppDelegate.swift; sourceTree = "<group>"; };
		ED4BD0562A9309FF009C81EC /* SceneDelegate.swift */ = {isa = PBXFileReference; lastKnownFileType = sourcecode.swift; path = SceneDelegate.swift; sourceTree = "<group>"; };
		ED4BD0582A9309FF009C81EC /* ViewController.swift */ = {isa = PBXFileReference; lastKnownFileType = sourcecode.swift; path = ViewController.swift; sourceTree = "<group>"; };
		ED4BD05B2A9309FF009C81EC /* Base */ = {isa = PBXFileReference; lastKnownFileType = file.storyboard; name = Base; path = Base.lproj/Main.storyboard; sourceTree = "<group>"; };
		ED4BD05D2A930A00009C81EC /* Assets.xcassets */ = {isa = PBXFileReference; lastKnownFileType = folder.assetcatalog; path = Assets.xcassets; sourceTree = "<group>"; };
		ED4BD0602A930A00009C81EC /* Base */ = {isa = PBXFileReference; lastKnownFileType = file.storyboard; name = Base; path = Base.lproj/LaunchScreen.storyboard; sourceTree = "<group>"; };
		ED4BD0622A930A00009C81EC /* Info.plist */ = {isa = PBXFileReference; lastKnownFileType = text.plist.xml; path = Info.plist; sourceTree = "<group>"; };
		EDCCD8452A94463F006EDC06 /* SnapViewController.swift */ = {isa = PBXFileReference; lastKnownFileType = sourcecode.swift; path = SnapViewController.swift; sourceTree = "<group>"; };
		EDE5182B2A94991200C16C9E /* Example1ViewController.swift */ = {isa = PBXFileReference; lastKnownFileType = sourcecode.swift; path = Example1ViewController.swift; sourceTree = "<group>"; };
		EDE5182D2A949A3400C16C9E /* Example1TextFiled.swift */ = {isa = PBXFileReference; lastKnownFileType = sourcecode.swift; path = Example1TextFiled.swift; sourceTree = "<group>"; };
		EDE518312A94A90100C16C9E /* Example2ViewController.swift */ = {isa = PBXFileReference; lastKnownFileType = sourcecode.swift; path = Example2ViewController.swift; sourceTree = "<group>"; };
		EDE518332A94AAC600C16C9E /* Exampl2Images.swift */ = {isa = PBXFileReference; lastKnownFileType = sourcecode.swift; path = Exampl2Images.swift; sourceTree = "<group>"; };
		EDE518352A94AD0600C16C9E /* ProfileButtonConfiguration.swift */ = {isa = PBXFileReference; lastKnownFileType = sourcecode.swift; path = ProfileButtonConfiguration.swift; sourceTree = "<group>"; };
/* End PBXFileReference section */

/* Begin PBXFrameworksBuildPhase section */
		ED4BD04E2A9309FF009C81EC /* Frameworks */ = {
			isa = PBXFrameworksBuildPhase;
			buildActionMask = 2147483647;
			files = (
				EDCCD8442A944618006EDC06 /* SnapKit in Frameworks */,
			);
			runOnlyForDeploymentPostprocessing = 0;
		};
/* End PBXFrameworksBuildPhase section */

/* Begin PBXGroup section */
		ED4BD0482A9309FF009C81EC = {
			isa = PBXGroup;
			children = (
				ED4BD0532A9309FF009C81EC /* SeSAC3Week6 */,
				ED4BD0522A9309FF009C81EC /* Products */,
			);
			sourceTree = "<group>";
		};
		ED4BD0522A9309FF009C81EC /* Products */ = {
			isa = PBXGroup;
			children = (
				ED4BD0512A9309FF009C81EC /* SeSAC3Week6.app */,
			);
			name = Products;
			sourceTree = "<group>";
		};
		ED4BD0532A9309FF009C81EC /* SeSAC3Week6 */ = {
			isa = PBXGroup;
			children = (
				EDE518282A94987C00C16C9E /* Application */,
				ED4BD05A2A9309FF009C81EC /* Main.storyboard */,
				ED4BD0582A9309FF009C81EC /* ViewController.swift */,
				ED0E03112A947924002817C9 /* LocationViewController.swift */,
				EDE5182A2A94990000C16C9E /* Assignment */,
				EDCCD8472A944658006EDC06 /* Test */,
				EDE518292A94988600C16C9E /* Resources */,
			);
			path = SeSAC3Week6;
			sourceTree = "<group>";
		};
		EDCCD8472A944658006EDC06 /* Test */ = {
			isa = PBXGroup;
			children = (
				EDCCD8452A94463F006EDC06 /* SnapViewController.swift */,
				ED0E030F2A945CAC002817C9 /* TextViewController.swift */,
			);
			path = Test;
			sourceTree = "<group>";
		};
		EDE518282A94987C00C16C9E /* Application */ = {
			isa = PBXGroup;
			children = (
				ED4BD0542A9309FF009C81EC /* AppDelegate.swift */,
				ED4BD0562A9309FF009C81EC /* SceneDelegate.swift */,
			);
			path = Application;
			sourceTree = "<group>";
		};
		EDE518292A94988600C16C9E /* Resources */ = {
			isa = PBXGroup;
			children = (
				ED4BD05D2A930A00009C81EC /* Assets.xcassets */,
				ED4BD05F2A930A00009C81EC /* LaunchScreen.storyboard */,
				ED4BD0622A930A00009C81EC /* Info.plist */,
			);
			path = Resources;
			sourceTree = "<group>";
		};
		EDE5182A2A94990000C16C9E /* Assignment */ = {
			isa = PBXGroup;
			children = (
				EDE5182F2A94A31500C16C9E /* Example1 */,
				EDE518302A94A8D300C16C9E /* Example2 */,
			);
			path = Assignment;
			sourceTree = "<group>";
		};
		EDE5182F2A94A31500C16C9E /* Example1 */ = {
			isa = PBXGroup;
			children = (
				EDE5182B2A94991200C16C9E /* Example1ViewController.swift */,
				EDE5182D2A949A3400C16C9E /* Example1TextFiled.swift */,
			);
			path = Example1;
			sourceTree = "<group>";
		};
		EDE518302A94A8D300C16C9E /* Example2 */ = {
			isa = PBXGroup;
			children = (
				EDE518312A94A90100C16C9E /* Example2ViewController.swift */,
				EDE518352A94AD0600C16C9E /* ProfileButtonConfiguration.swift */,
				EDE518332A94AAC600C16C9E /* Exampl2Images.swift */,
			);
			path = Example2;
			sourceTree = "<group>";
		};
/* End PBXGroup section */

/* Begin PBXNativeTarget section */
		ED4BD0502A9309FF009C81EC /* SeSAC3Week6 */ = {
			isa = PBXNativeTarget;
			buildConfigurationList = ED4BD0652A930A00009C81EC /* Build configuration list for PBXNativeTarget "SeSAC3Week6" */;
			buildPhases = (
				ED4BD04D2A9309FF009C81EC /* Sources */,
				ED4BD04E2A9309FF009C81EC /* Frameworks */,
				ED4BD04F2A9309FF009C81EC /* Resources */,
			);
			buildRules = (
			);
			dependencies = (
			);
			name = SeSAC3Week6;
			packageProductDependencies = (
				EDCCD8432A944618006EDC06 /* SnapKit */,
			);
			productName = SeSAC3Week6;
			productReference = ED4BD0512A9309FF009C81EC /* SeSAC3Week6.app */;
			productType = "com.apple.product-type.application";
		};
/* End PBXNativeTarget section */

/* Begin PBXProject section */
		ED4BD0492A9309FF009C81EC /* Project object */ = {
			isa = PBXProject;
			attributes = {
				BuildIndependentTargetsInParallel = 1;
				LastSwiftUpdateCheck = 1420;
				LastUpgradeCheck = 1420;
				TargetAttributes = {
					ED4BD0502A9309FF009C81EC = {
						CreatedOnToolsVersion = 14.2;
					};
				};
			};
			buildConfigurationList = ED4BD04C2A9309FF009C81EC /* Build configuration list for PBXProject "SeSAC3Week6" */;
			compatibilityVersion = "Xcode 14.0";
			developmentRegion = en;
			hasScannedForEncodings = 0;
			knownRegions = (
				en,
				Base,
			);
			mainGroup = ED4BD0482A9309FF009C81EC;
			packageReferences = (
				EDCCD8422A944618006EDC06 /* XCRemoteSwiftPackageReference "SnapKit" */,
			);
			productRefGroup = ED4BD0522A9309FF009C81EC /* Products */;
			projectDirPath = "";
			projectRoot = "";
			targets = (
				ED4BD0502A9309FF009C81EC /* SeSAC3Week6 */,
			);
		};
/* End PBXProject section */

/* Begin PBXResourcesBuildPhase section */
		ED4BD04F2A9309FF009C81EC /* Resources */ = {
			isa = PBXResourcesBuildPhase;
			buildActionMask = 2147483647;
			files = (
				ED4BD0612A930A00009C81EC /* LaunchScreen.storyboard in Resources */,
				ED4BD05E2A930A00009C81EC /* Assets.xcassets in Resources */,
				ED4BD05C2A9309FF009C81EC /* Main.storyboard in Resources */,
			);
			runOnlyForDeploymentPostprocessing = 0;
		};
/* End PBXResourcesBuildPhase section */

/* Begin PBXSourcesBuildPhase section */
		ED4BD04D2A9309FF009C81EC /* Sources */ = {
			isa = PBXSourcesBuildPhase;
			buildActionMask = 2147483647;
			files = (
				EDE5182E2A949A3400C16C9E /* Example1TextFiled.swift in Sources */,
				ED0E03102A945CAC002817C9 /* TextViewController.swift in Sources */,
				EDE5182C2A94991200C16C9E /* Example1ViewController.swift in Sources */,
				EDCCD8462A94463F006EDC06 /* SnapViewController.swift in Sources */,
				EDE518362A94AD0600C16C9E /* ProfileButtonConfiguration.swift in Sources */,
				ED4BD0592A9309FF009C81EC /* ViewController.swift in Sources */,
				ED0E03122A947924002817C9 /* LocationViewController.swift in Sources */,
				ED4BD0552A9309FF009C81EC /* AppDelegate.swift in Sources */,
				ED4BD0572A9309FF009C81EC /* SceneDelegate.swift in Sources */,
				EDE518322A94A90100C16C9E /* Example2ViewController.swift in Sources */,
				EDE518342A94AAC600C16C9E /* Exampl2Images.swift in Sources */,
			);
			runOnlyForDeploymentPostprocessing = 0;
		};
/* End PBXSourcesBuildPhase section */

/* Begin PBXVariantGroup section */
		ED4BD05A2A9309FF009C81EC /* Main.storyboard */ = {
			isa = PBXVariantGroup;
			children = (
				ED4BD05B2A9309FF009C81EC /* Base */,
			);
			name = Main.storyboard;
			sourceTree = "<group>";
		};
		ED4BD05F2A930A00009C81EC /* LaunchScreen.storyboard */ = {
			isa = PBXVariantGroup;
			children = (
				ED4BD0602A930A00009C81EC /* Base */,
			);
			name = LaunchScreen.storyboard;
			sourceTree = "<group>";
		};
/* End PBXVariantGroup section */

/* Begin XCBuildConfiguration section */
		ED4BD0632A930A00009C81EC /* Debug */ = {
			isa = XCBuildConfiguration;
			buildSettings = {
				ALWAYS_SEARCH_USER_PATHS = NO;
				CLANG_ANALYZER_NONNULL = YES;
				CLANG_ANALYZER_NUMBER_OBJECT_CONVERSION = YES_AGGRESSIVE;
				CLANG_CXX_LANGUAGE_STANDARD = "gnu++20";
				CLANG_ENABLE_MODULES = YES;
				CLANG_ENABLE_OBJC_ARC = YES;
				CLANG_ENABLE_OBJC_WEAK = YES;
				CLANG_WARN_BLOCK_CAPTURE_AUTORELEASING = YES;
				CLANG_WARN_BOOL_CONVERSION = YES;
				CLANG_WARN_COMMA = YES;
				CLANG_WARN_CONSTANT_CONVERSION = YES;
				CLANG_WARN_DEPRECATED_OBJC_IMPLEMENTATIONS = YES;
				CLANG_WARN_DIRECT_OBJC_ISA_USAGE = YES_ERROR;
				CLANG_WARN_DOCUMENTATION_COMMENTS = YES;
				CLANG_WARN_EMPTY_BODY = YES;
				CLANG_WARN_ENUM_CONVERSION = YES;
				CLANG_WARN_INFINITE_RECURSION = YES;
				CLANG_WARN_INT_CONVERSION = YES;
				CLANG_WARN_NON_LITERAL_NULL_CONVERSION = YES;
				CLANG_WARN_OBJC_IMPLICIT_RETAIN_SELF = YES;
				CLANG_WARN_OBJC_LITERAL_CONVERSION = YES;
				CLANG_WARN_OBJC_ROOT_CLASS = YES_ERROR;
				CLANG_WARN_QUOTED_INCLUDE_IN_FRAMEWORK_HEADER = YES;
				CLANG_WARN_RANGE_LOOP_ANALYSIS = YES;
				CLANG_WARN_STRICT_PROTOTYPES = YES;
				CLANG_WARN_SUSPICIOUS_MOVE = YES;
				CLANG_WARN_UNGUARDED_AVAILABILITY = YES_AGGRESSIVE;
				CLANG_WARN_UNREACHABLE_CODE = YES;
				CLANG_WARN__DUPLICATE_METHOD_MATCH = YES;
				COPY_PHASE_STRIP = NO;
				DEBUG_INFORMATION_FORMAT = dwarf;
				ENABLE_STRICT_OBJC_MSGSEND = YES;
				ENABLE_TESTABILITY = YES;
				GCC_C_LANGUAGE_STANDARD = gnu11;
				GCC_DYNAMIC_NO_PIC = NO;
				GCC_NO_COMMON_BLOCKS = YES;
				GCC_OPTIMIZATION_LEVEL = 0;
				GCC_PREPROCESSOR_DEFINITIONS = (
					"DEBUG=1",
					"$(inherited)",
				);
				GCC_WARN_64_TO_32_BIT_CONVERSION = YES;
				GCC_WARN_ABOUT_RETURN_TYPE = YES_ERROR;
				GCC_WARN_UNDECLARED_SELECTOR = YES;
				GCC_WARN_UNINITIALIZED_AUTOS = YES_AGGRESSIVE;
				GCC_WARN_UNUSED_FUNCTION = YES;
				GCC_WARN_UNUSED_VARIABLE = YES;
				IPHONEOS_DEPLOYMENT_TARGET = 16.2;
				MTL_ENABLE_DEBUG_INFO = INCLUDE_SOURCE;
				MTL_FAST_MATH = YES;
				ONLY_ACTIVE_ARCH = YES;
				SDKROOT = iphoneos;
				SWIFT_ACTIVE_COMPILATION_CONDITIONS = DEBUG;
				SWIFT_OPTIMIZATION_LEVEL = "-Onone";
			};
			name = Debug;
		};
		ED4BD0642A930A00009C81EC /* Release */ = {
			isa = XCBuildConfiguration;
			buildSettings = {
				ALWAYS_SEARCH_USER_PATHS = NO;
				CLANG_ANALYZER_NONNULL = YES;
				CLANG_ANALYZER_NUMBER_OBJECT_CONVERSION = YES_AGGRESSIVE;
				CLANG_CXX_LANGUAGE_STANDARD = "gnu++20";
				CLANG_ENABLE_MODULES = YES;
				CLANG_ENABLE_OBJC_ARC = YES;
				CLANG_ENABLE_OBJC_WEAK = YES;
				CLANG_WARN_BLOCK_CAPTURE_AUTORELEASING = YES;
				CLANG_WARN_BOOL_CONVERSION = YES;
				CLANG_WARN_COMMA = YES;
				CLANG_WARN_CONSTANT_CONVERSION = YES;
				CLANG_WARN_DEPRECATED_OBJC_IMPLEMENTATIONS = YES;
				CLANG_WARN_DIRECT_OBJC_ISA_USAGE = YES_ERROR;
				CLANG_WARN_DOCUMENTATION_COMMENTS = YES;
				CLANG_WARN_EMPTY_BODY = YES;
				CLANG_WARN_ENUM_CONVERSION = YES;
				CLANG_WARN_INFINITE_RECURSION = YES;
				CLANG_WARN_INT_CONVERSION = YES;
				CLANG_WARN_NON_LITERAL_NULL_CONVERSION = YES;
				CLANG_WARN_OBJC_IMPLICIT_RETAIN_SELF = YES;
				CLANG_WARN_OBJC_LITERAL_CONVERSION = YES;
				CLANG_WARN_OBJC_ROOT_CLASS = YES_ERROR;
				CLANG_WARN_QUOTED_INCLUDE_IN_FRAMEWORK_HEADER = YES;
				CLANG_WARN_RANGE_LOOP_ANALYSIS = YES;
				CLANG_WARN_STRICT_PROTOTYPES = YES;
				CLANG_WARN_SUSPICIOUS_MOVE = YES;
				CLANG_WARN_UNGUARDED_AVAILABILITY = YES_AGGRESSIVE;
				CLANG_WARN_UNREACHABLE_CODE = YES;
				CLANG_WARN__DUPLICATE_METHOD_MATCH = YES;
				COPY_PHASE_STRIP = NO;
				DEBUG_INFORMATION_FORMAT = "dwarf-with-dsym";
				ENABLE_NS_ASSERTIONS = NO;
				ENABLE_STRICT_OBJC_MSGSEND = YES;
				GCC_C_LANGUAGE_STANDARD = gnu11;
				GCC_NO_COMMON_BLOCKS = YES;
				GCC_WARN_64_TO_32_BIT_CONVERSION = YES;
				GCC_WARN_ABOUT_RETURN_TYPE = YES_ERROR;
				GCC_WARN_UNDECLARED_SELECTOR = YES;
				GCC_WARN_UNINITIALIZED_AUTOS = YES_AGGRESSIVE;
				GCC_WARN_UNUSED_FUNCTION = YES;
				GCC_WARN_UNUSED_VARIABLE = YES;
				IPHONEOS_DEPLOYMENT_TARGET = 16.2;
				MTL_ENABLE_DEBUG_INFO = NO;
				MTL_FAST_MATH = YES;
				SDKROOT = iphoneos;
				SWIFT_COMPILATION_MODE = wholemodule;
				SWIFT_OPTIMIZATION_LEVEL = "-O";
				VALIDATE_PRODUCT = YES;
			};
			name = Release;
		};
		ED4BD0662A930A00009C81EC /* Debug */ = {
			isa = XCBuildConfiguration;
			buildSettings = {
				ASSETCATALOG_COMPILER_APPICON_NAME = AppIcon;
				ASSETCATALOG_COMPILER_GLOBAL_ACCENT_COLOR_NAME = AccentColor;
				CODE_SIGN_STYLE = Automatic;
				CURRENT_PROJECT_VERSION = 1;
				DEVELOPMENT_TEAM = 82J7RU93V4;
				GENERATE_INFOPLIST_FILE = YES;
				INFOPLIST_FILE = SeSAC3Week6/Resources/Info.plist;
				INFOPLIST_KEY_UIApplicationSupportsIndirectInputEvents = YES;
				INFOPLIST_KEY_UILaunchStoryboardName = LaunchScreen;
				INFOPLIST_KEY_UIMainStoryboardFile = Main;
				INFOPLIST_KEY_UISupportedInterfaceOrientations_iPad = "UIInterfaceOrientationPortrait UIInterfaceOrientationPortraitUpsideDown UIInterfaceOrientationLandscapeLeft UIInterfaceOrientationLandscapeRight";
				INFOPLIST_KEY_UISupportedInterfaceOrientations_iPhone = "UIInterfaceOrientationPortrait UIInterfaceOrientationLandscapeLeft UIInterfaceOrientationLandscapeRight";
				LD_RUNPATH_SEARCH_PATHS = (
					"$(inherited)",
					"@executable_path/Frameworks",
				);
				MARKETING_VERSION = 1.0;
				PRODUCT_BUNDLE_IDENTIFIER = com.JongHoon.SeSAC3Week6;
				PRODUCT_NAME = "$(TARGET_NAME)";
				SWIFT_EMIT_LOC_STRINGS = YES;
				SWIFT_VERSION = 5.0;
				TARGETED_DEVICE_FAMILY = "1,2";
			};
			name = Debug;
		};
		ED4BD0672A930A00009C81EC /* Release */ = {
			isa = XCBuildConfiguration;
			buildSettings = {
				ASSETCATALOG_COMPILER_APPICON_NAME = AppIcon;
				ASSETCATALOG_COMPILER_GLOBAL_ACCENT_COLOR_NAME = AccentColor;
				CODE_SIGN_STYLE = Automatic;
				CURRENT_PROJECT_VERSION = 1;
				DEVELOPMENT_TEAM = 82J7RU93V4;
				GENERATE_INFOPLIST_FILE = YES;
				INFOPLIST_FILE = SeSAC3Week6/Resources/Info.plist;
				INFOPLIST_KEY_UIApplicationSupportsIndirectInputEvents = YES;
				INFOPLIST_KEY_UILaunchStoryboardName = LaunchScreen;
				INFOPLIST_KEY_UIMainStoryboardFile = Main;
				INFOPLIST_KEY_UISupportedInterfaceOrientations_iPad = "UIInterfaceOrientationPortrait UIInterfaceOrientationPortraitUpsideDown UIInterfaceOrientationLandscapeLeft UIInterfaceOrientationLandscapeRight";
				INFOPLIST_KEY_UISupportedInterfaceOrientations_iPhone = "UIInterfaceOrientationPortrait UIInterfaceOrientationLandscapeLeft UIInterfaceOrientationLandscapeRight";
				LD_RUNPATH_SEARCH_PATHS = (
					"$(inherited)",
					"@executable_path/Frameworks",
				);
				MARKETING_VERSION = 1.0;
				PRODUCT_BUNDLE_IDENTIFIER = com.JongHoon.SeSAC3Week6;
				PRODUCT_NAME = "$(TARGET_NAME)";
				SWIFT_EMIT_LOC_STRINGS = YES;
				SWIFT_VERSION = 5.0;
				TARGETED_DEVICE_FAMILY = "1,2";
			};
			name = Release;
		};
/* End XCBuildConfiguration section */

/* Begin XCConfigurationList section */
		ED4BD04C2A9309FF009C81EC /* Build configuration list for PBXProject "SeSAC3Week6" */ = {
			isa = XCConfigurationList;
			buildConfigurations = (
				ED4BD0632A930A00009C81EC /* Debug */,
				ED4BD0642A930A00009C81EC /* Release */,
			);
			defaultConfigurationIsVisible = 0;
			defaultConfigurationName = Release;
		};
		ED4BD0652A930A00009C81EC /* Build configuration list for PBXNativeTarget "SeSAC3Week6" */ = {
			isa = XCConfigurationList;
			buildConfigurations = (
				ED4BD0662A930A00009C81EC /* Debug */,
				ED4BD0672A930A00009C81EC /* Release */,
			);
			defaultConfigurationIsVisible = 0;
			defaultConfigurationName = Release;
		};
/* End XCConfigurationList section */

/* Begin XCRemoteSwiftPackageReference section */
		EDCCD8422A944618006EDC06 /* XCRemoteSwiftPackageReference "SnapKit" */ = {
			isa = XCRemoteSwiftPackageReference;
			repositoryURL = "https://github.com/SnapKit/SnapKit.git";
			requirement = {
				kind = exactVersion;
				version = 5.6.0;
			};
		};
/* End XCRemoteSwiftPackageReference section */

/* Begin XCSwiftPackageProductDependency section */
		EDCCD8432A944618006EDC06 /* SnapKit */ = {
			isa = XCSwiftPackageProductDependency;
			package = EDCCD8422A944618006EDC06 /* XCRemoteSwiftPackageReference "SnapKit" */;
			productName = SnapKit;
		};
/* End XCSwiftPackageProductDependency section */
	};
	rootObject = ED4BD0492A9309FF009C81EC /* Project object */;
}
